
Microsoft Visual Studio Solution File, Format Version 12.00
# Visual Studio 16
Project("{FAE04EC0-301F-11D3-BF4B-00C04F79EFBC}") = "Assembly-CSharp", "Assembly-CSharp.csproj", "{DABD6840-04F3-BBAB-1B42-9C49F003764E}"
EndProject
Global
	GlobalSection(SolutionConfigurationPlatforms) = preSolution
		Debug|Any CPU = Debug|Any CPU
		Release|Any CPU = Release|Any CPU
	EndGlobalSection
	GlobalSection(ProjectConfigurationPlatforms) = postSolution
		{DABD6840-04F3-BBAB-1B42-9C49F003764E}.Debug|Any CPU.ActiveCfg = Debug|Any CPU
		{DABD6840-04F3-BBAB-1B42-9C49F003764E}.Debug|Any CPU.Build.0 = Debug|Any CPU
		{DABD6840-04F3-BBAB-1B42-9C49F003764E}.Release|Any CPU.ActiveCfg = Release|Any CPU
		{DABD6840-04F3-BBAB-1B42-9C49F003764E}.Release|Any CPU.Build.0 = Release|Any CPU
	EndGlobalSection
	GlobalSection(SolutionProperties) = preSolution
		HideSolutionNode = FALSE
	EndGlobalSection
EndGlobal
